// !$*UTF8*$!
{
	archiveVersion = 1;
	classes = {
	};
	objectVersion = 52;
	objects = {

/* Begin PBXBuildFile section */
		490B596D25D99AA100E6F90D /* MemoZ in Frameworks */ = {isa = PBXBuildFile; productRef = 490B596C25D99AA100E6F90D /* MemoZ */; };
		490B597A25D99B0A00E6F90D /* HubOMatic in Frameworks */ = {isa = PBXBuildFile; productRef = 490B597925D99B0A00E6F90D /* HubOMatic */; };
		490B597B25D99B0A00E6F90D /* HubOMatic in Embed Frameworks */ = {isa = PBXBuildFile; productRef = 490B597925D99B0A00E6F90D /* HubOMatic */; settings = {ATTRIBUTES = (CodeSignOnCopy, ); }; };
		495DE45E25D77C0B005CA904 /* README.md in Resources */ = {isa = PBXBuildFile; fileRef = 495DE45D25D77C0A005CA904 /* README.md */; };
		498872E425DC1F0E00430ABD /* Sparkle in Frameworks */ = {isa = PBXBuildFile; productRef = 498872E325DC1F0E00430ABD /* Sparkle */; };
		49C214EE25D6CB800030F8B2 /* MicroVectorApp.swift in Sources */ = {isa = PBXBuildFile; fileRef = 49C214ED25D6CB800030F8B2 /* MicroVectorApp.swift */; };
		49C214F025D6CB800030F8B2 /* MicroVectorDocument.swift in Sources */ = {isa = PBXBuildFile; fileRef = 49C214EF25D6CB800030F8B2 /* MicroVectorDocument.swift */; };
		49C214F225D6CB800030F8B2 /* ContentView.swift in Sources */ = {isa = PBXBuildFile; fileRef = 49C214F125D6CB800030F8B2 /* ContentView.swift */; };
		49C214F425D6CB830030F8B2 /* Assets.xcassets in Resources */ = {isa = PBXBuildFile; fileRef = 49C214F325D6CB830030F8B2 /* Assets.xcassets */; };
		49C214F725D6CB830030F8B2 /* Preview Assets.xcassets in Resources */ = {isa = PBXBuildFile; fileRef = 49C214F625D6CB830030F8B2 /* Preview Assets.xcassets */; };
		49C2150325D6CB830030F8B2 /* MicroVectorTests.swift in Sources */ = {isa = PBXBuildFile; fileRef = 49C2150225D6CB830030F8B2 /* MicroVectorTests.swift */; };
		49C2150E25D6CB830030F8B2 /* MicroVectorUITests.swift in Sources */ = {isa = PBXBuildFile; fileRef = 49C2150D25D6CB830030F8B2 /* MicroVectorUITests.swift */; };
		49D2614C25D6F5550053615A /* NSImage+SVG.swift in Sources */ = {isa = PBXBuildFile; fileRef = 49D2614B25D6F5550053615A /* NSImage+SVG.swift */; };
		49D2618425D70FB00053615A /* HubOMatic.swift in Sources */ = {isa = PBXBuildFile; fileRef = 49D2618325D70FB00053615A /* HubOMatic.swift */; };
/* End PBXBuildFile section */

/* Begin PBXContainerItemProxy section */
		49C214FF25D6CB830030F8B2 /* PBXContainerItemProxy */ = {
			isa = PBXContainerItemProxy;
			containerPortal = 49C214E225D6CB800030F8B2 /* Project object */;
			proxyType = 1;
			remoteGlobalIDString = 49C214E925D6CB800030F8B2;
			remoteInfo = MicroVector;
		};
		49C2150A25D6CB830030F8B2 /* PBXContainerItemProxy */ = {
			isa = PBXContainerItemProxy;
			containerPortal = 49C214E225D6CB800030F8B2 /* Project object */;
			proxyType = 1;
			remoteGlobalIDString = 49C214E925D6CB800030F8B2;
			remoteInfo = MicroVector;
		};
/* End PBXContainerItemProxy section */

/* Begin PBXCopyFilesBuildPhase section */
		4916C1A125D998DB001BC1B5 /* Embed Frameworks */ = {
			isa = PBXCopyFilesBuildPhase;
			buildActionMask = 2147483647;
			dstPath = "";
			dstSubfolderSpec = 10;
			files = (
				490B597B25D99B0A00E6F90D /* HubOMatic in Embed Frameworks */,
			);
			name = "Embed Frameworks";
			runOnlyForDeploymentPostprocessing = 0;
		};
/* End PBXCopyFilesBuildPhase section */

/* Begin PBXFileReference section */
		495DE45D25D77C0A005CA904 /* README.md */ = {isa = PBXFileReference; fileEncoding = 4; lastKnownFileType = net.daringfireball.markdown; path = README.md; sourceTree = "<group>"; };
		49C214EA25D6CB800030F8B2 /* MicroVector.app */ = {isa = PBXFileReference; explicitFileType = wrapper.application; includeInIndex = 0; path = MicroVector.app; sourceTree = BUILT_PRODUCTS_DIR; };
		49C214ED25D6CB800030F8B2 /* MicroVectorApp.swift */ = {isa = PBXFileReference; lastKnownFileType = sourcecode.swift; path = MicroVectorApp.swift; sourceTree = "<group>"; };
		49C214EF25D6CB800030F8B2 /* MicroVectorDocument.swift */ = {isa = PBXFileReference; lastKnownFileType = sourcecode.swift; path = MicroVectorDocument.swift; sourceTree = "<group>"; };
		49C214F125D6CB800030F8B2 /* ContentView.swift */ = {isa = PBXFileReference; lastKnownFileType = sourcecode.swift; path = ContentView.swift; sourceTree = "<group>"; };
		49C214F325D6CB830030F8B2 /* Assets.xcassets */ = {isa = PBXFileReference; lastKnownFileType = folder.assetcatalog; path = Assets.xcassets; sourceTree = "<group>"; };
		49C214F625D6CB830030F8B2 /* Preview Assets.xcassets */ = {isa = PBXFileReference; lastKnownFileType = folder.assetcatalog; path = "Preview Assets.xcassets"; sourceTree = "<group>"; };
		49C214F825D6CB830030F8B2 /* Info.plist */ = {isa = PBXFileReference; lastKnownFileType = text.plist.xml; path = Info.plist; sourceTree = "<group>"; };
		49C214F925D6CB830030F8B2 /* MicroVector.entitlements */ = {isa = PBXFileReference; lastKnownFileType = text.plist.entitlements; path = MicroVector.entitlements; sourceTree = "<group>"; };
		49C214FE25D6CB830030F8B2 /* MicroVectorTests.xctest */ = {isa = PBXFileReference; explicitFileType = wrapper.cfbundle; includeInIndex = 0; path = MicroVectorTests.xctest; sourceTree = BUILT_PRODUCTS_DIR; };
		49C2150225D6CB830030F8B2 /* MicroVectorTests.swift */ = {isa = PBXFileReference; lastKnownFileType = sourcecode.swift; path = MicroVectorTests.swift; sourceTree = "<group>"; };
		49C2150425D6CB830030F8B2 /* Info.plist */ = {isa = PBXFileReference; lastKnownFileType = text.plist.xml; path = Info.plist; sourceTree = "<group>"; };
		49C2150925D6CB830030F8B2 /* MicroVectorUITests.xctest */ = {isa = PBXFileReference; explicitFileType = wrapper.cfbundle; includeInIndex = 0; path = MicroVectorUITests.xctest; sourceTree = BUILT_PRODUCTS_DIR; };
		49C2150D25D6CB830030F8B2 /* MicroVectorUITests.swift */ = {isa = PBXFileReference; lastKnownFileType = sourcecode.swift; path = MicroVectorUITests.swift; sourceTree = "<group>"; };
		49C2150F25D6CB830030F8B2 /* Info.plist */ = {isa = PBXFileReference; lastKnownFileType = text.plist.xml; path = Info.plist; sourceTree = "<group>"; };
		49D2614B25D6F5550053615A /* NSImage+SVG.swift */ = {isa = PBXFileReference; lastKnownFileType = sourcecode.swift; path = "NSImage+SVG.swift"; sourceTree = "<group>"; };
		49D2618325D70FB00053615A /* HubOMatic.swift */ = {isa = PBXFileReference; lastKnownFileType = sourcecode.swift; path = HubOMatic.swift; sourceTree = "<group>"; };
/* End PBXFileReference section */

/* Begin PBXFrameworksBuildPhase section */
		49C214E725D6CB800030F8B2 /* Frameworks */ = {
			isa = PBXFrameworksBuildPhase;
			buildActionMask = 2147483647;
			files = (
				498872E425DC1F0E00430ABD /* Sparkle in Frameworks */,
				490B596D25D99AA100E6F90D /* MemoZ in Frameworks */,
				490B597A25D99B0A00E6F90D /* HubOMatic in Frameworks */,
			);
			runOnlyForDeploymentPostprocessing = 0;
		};
		49C214FB25D6CB830030F8B2 /* Frameworks */ = {
			isa = PBXFrameworksBuildPhase;
			buildActionMask = 2147483647;
			files = (
			);
			runOnlyForDeploymentPostprocessing = 0;
		};
		49C2150625D6CB830030F8B2 /* Frameworks */ = {
			isa = PBXFrameworksBuildPhase;
			buildActionMask = 2147483647;
			files = (
			);
			runOnlyForDeploymentPostprocessing = 0;
		};
/* End PBXFrameworksBuildPhase section */

/* Begin PBXGroup section */
		490B596B25D99AA100E6F90D /* Frameworks */ = {
			isa = PBXGroup;
			children = (
			);
			name = Frameworks;
			sourceTree = "<group>";
		};
		49C214E125D6CB800030F8B2 = {
			isa = PBXGroup;
			children = (
				495DE45D25D77C0A005CA904 /* README.md */,
				49D2618325D70FB00053615A /* HubOMatic.swift */,
				49C214EC25D6CB800030F8B2 /* MicroVector */,
				49C2150125D6CB830030F8B2 /* MicroVectorTests */,
				49C2150C25D6CB830030F8B2 /* MicroVectorUITests */,
				49C214EB25D6CB800030F8B2 /* Products */,
				490B596B25D99AA100E6F90D /* Frameworks */,
			);
			sourceTree = "<group>";
		};
		49C214EB25D6CB800030F8B2 /* Products */ = {
			isa = PBXGroup;
			children = (
				49C214EA25D6CB800030F8B2 /* MicroVector.app */,
				49C214FE25D6CB830030F8B2 /* MicroVectorTests.xctest */,
				49C2150925D6CB830030F8B2 /* MicroVectorUITests.xctest */,
			);
			name = Products;
			sourceTree = "<group>";
		};
		49C214EC25D6CB800030F8B2 /* MicroVector */ = {
			isa = PBXGroup;
			children = (
				49C214ED25D6CB800030F8B2 /* MicroVectorApp.swift */,
				49C214EF25D6CB800030F8B2 /* MicroVectorDocument.swift */,
				49C214F125D6CB800030F8B2 /* ContentView.swift */,
				49D2614B25D6F5550053615A /* NSImage+SVG.swift */,
				49C214F325D6CB830030F8B2 /* Assets.xcassets */,
				49C214F825D6CB830030F8B2 /* Info.plist */,
				49C214F925D6CB830030F8B2 /* MicroVector.entitlements */,
				49C214F525D6CB830030F8B2 /* Preview Content */,
			);
			path = MicroVector;
			sourceTree = "<group>";
		};
		49C214F525D6CB830030F8B2 /* Preview Content */ = {
			isa = PBXGroup;
			children = (
				49C214F625D6CB830030F8B2 /* Preview Assets.xcassets */,
			);
			path = "Preview Content";
			sourceTree = "<group>";
		};
		49C2150125D6CB830030F8B2 /* MicroVectorTests */ = {
			isa = PBXGroup;
			children = (
				49C2150225D6CB830030F8B2 /* MicroVectorTests.swift */,
				49C2150425D6CB830030F8B2 /* Info.plist */,
			);
			path = MicroVectorTests;
			sourceTree = "<group>";
		};
		49C2150C25D6CB830030F8B2 /* MicroVectorUITests */ = {
			isa = PBXGroup;
			children = (
				49C2150D25D6CB830030F8B2 /* MicroVectorUITests.swift */,
				49C2150F25D6CB830030F8B2 /* Info.plist */,
			);
			path = MicroVectorUITests;
			sourceTree = "<group>";
		};
/* End PBXGroup section */

/* Begin PBXNativeTarget section */
		49C214E925D6CB800030F8B2 /* MicroVector */ = {
			isa = PBXNativeTarget;
			buildConfigurationList = 49C2151225D6CB830030F8B2 /* Build configuration list for PBXNativeTarget "MicroVector" */;
			buildPhases = (
				49C214E625D6CB800030F8B2 /* Sources */,
				49C214E725D6CB800030F8B2 /* Frameworks */,
				49C214E825D6CB800030F8B2 /* Resources */,
				4916C1A125D998DB001BC1B5 /* Embed Frameworks */,
			);
			buildRules = (
			);
			dependencies = (
			);
			name = MicroVector;
			packageProductDependencies = (
				490B596C25D99AA100E6F90D /* MemoZ */,
				490B597925D99B0A00E6F90D /* HubOMatic */,
				498872E325DC1F0E00430ABD /* Sparkle */,
			);
			productName = MicroVector;
			productReference = 49C214EA25D6CB800030F8B2 /* MicroVector.app */;
			productType = "com.apple.product-type.application";
		};
		49C214FD25D6CB830030F8B2 /* MicroVectorTests */ = {
			isa = PBXNativeTarget;
			buildConfigurationList = 49C2151525D6CB830030F8B2 /* Build configuration list for PBXNativeTarget "MicroVectorTests" */;
			buildPhases = (
				49C214FA25D6CB830030F8B2 /* Sources */,
				49C214FB25D6CB830030F8B2 /* Frameworks */,
				49C214FC25D6CB830030F8B2 /* Resources */,
			);
			buildRules = (
			);
			dependencies = (
				49C2150025D6CB830030F8B2 /* PBXTargetDependency */,
			);
			name = MicroVectorTests;
			productName = MicroVectorTests;
			productReference = 49C214FE25D6CB830030F8B2 /* MicroVectorTests.xctest */;
			productType = "com.apple.product-type.bundle.unit-test";
		};
		49C2150825D6CB830030F8B2 /* MicroVectorUITests */ = {
			isa = PBXNativeTarget;
			buildConfigurationList = 49C2151825D6CB830030F8B2 /* Build configuration list for PBXNativeTarget "MicroVectorUITests" */;
			buildPhases = (
				49C2150525D6CB830030F8B2 /* Sources */,
				49C2150625D6CB830030F8B2 /* Frameworks */,
				49C2150725D6CB830030F8B2 /* Resources */,
			);
			buildRules = (
			);
			dependencies = (
				49C2150B25D6CB830030F8B2 /* PBXTargetDependency */,
			);
			name = MicroVectorUITests;
			productName = MicroVectorUITests;
			productReference = 49C2150925D6CB830030F8B2 /* MicroVectorUITests.xctest */;
			productType = "com.apple.product-type.bundle.ui-testing";
		};
/* End PBXNativeTarget section */

/* Begin PBXProject section */
		49C214E225D6CB800030F8B2 /* Project object */ = {
			isa = PBXProject;
			attributes = {
				LastSwiftUpdateCheck = 1240;
				LastUpgradeCheck = 1240;
				TargetAttributes = {
					49C214E925D6CB800030F8B2 = {
						CreatedOnToolsVersion = 12.4;
					};
					49C214FD25D6CB830030F8B2 = {
						CreatedOnToolsVersion = 12.4;
						TestTargetID = 49C214E925D6CB800030F8B2;
					};
					49C2150825D6CB830030F8B2 = {
						CreatedOnToolsVersion = 12.4;
						TestTargetID = 49C214E925D6CB800030F8B2;
					};
				};
			};
			buildConfigurationList = 49C214E525D6CB800030F8B2 /* Build configuration list for PBXProject "MicroVector" */;
			compatibilityVersion = "Xcode 9.3";
			developmentRegion = en;
			hasScannedForEncodings = 0;
			knownRegions = (
				en,
				Base,
			);
			mainGroup = 49C214E125D6CB800030F8B2;
			packageReferences = (
				49D2614525D6F4EE0053615A /* XCRemoteSwiftPackageReference "HubOMatic" */,
				49D2615625D6F97D0053615A /* XCRemoteSwiftPackageReference "MemoZ" */,
				498872E225DC1F0E00430ABD /* XCRemoteSwiftPackageReference "Sparkle" */,
			);
			productRefGroup = 49C214EB25D6CB800030F8B2 /* Products */;
			projectDirPath = "";
			projectRoot = "";
			targets = (
				49C214E925D6CB800030F8B2 /* MicroVector */,
				49C214FD25D6CB830030F8B2 /* MicroVectorTests */,
				49C2150825D6CB830030F8B2 /* MicroVectorUITests */,
			);
		};
/* End PBXProject section */

/* Begin PBXResourcesBuildPhase section */
		49C214E825D6CB800030F8B2 /* Resources */ = {
			isa = PBXResourcesBuildPhase;
			buildActionMask = 2147483647;
			files = (
				495DE45E25D77C0B005CA904 /* README.md in Resources */,
				49C214F725D6CB830030F8B2 /* Preview Assets.xcassets in Resources */,
				49C214F425D6CB830030F8B2 /* Assets.xcassets in Resources */,
			);
			runOnlyForDeploymentPostprocessing = 0;
		};
		49C214FC25D6CB830030F8B2 /* Resources */ = {
			isa = PBXResourcesBuildPhase;
			buildActionMask = 2147483647;
			files = (
			);
			runOnlyForDeploymentPostprocessing = 0;
		};
		49C2150725D6CB830030F8B2 /* Resources */ = {
			isa = PBXResourcesBuildPhase;
			buildActionMask = 2147483647;
			files = (
			);
			runOnlyForDeploymentPostprocessing = 0;
		};
/* End PBXResourcesBuildPhase section */

/* Begin PBXSourcesBuildPhase section */
		49C214E625D6CB800030F8B2 /* Sources */ = {
			isa = PBXSourcesBuildPhase;
			buildActionMask = 2147483647;
			files = (
				49C214F025D6CB800030F8B2 /* MicroVectorDocument.swift in Sources */,
				49C214EE25D6CB800030F8B2 /* MicroVectorApp.swift in Sources */,
				49C214F225D6CB800030F8B2 /* ContentView.swift in Sources */,
				49D2614C25D6F5550053615A /* NSImage+SVG.swift in Sources */,
				49D2618425D70FB00053615A /* HubOMatic.swift in Sources */,
			);
			runOnlyForDeploymentPostprocessing = 0;
		};
		49C214FA25D6CB830030F8B2 /* Sources */ = {
			isa = PBXSourcesBuildPhase;
			buildActionMask = 2147483647;
			files = (
				49C2150325D6CB830030F8B2 /* MicroVectorTests.swift in Sources */,
			);
			runOnlyForDeploymentPostprocessing = 0;
		};
		49C2150525D6CB830030F8B2 /* Sources */ = {
			isa = PBXSourcesBuildPhase;
			buildActionMask = 2147483647;
			files = (
				49C2150E25D6CB830030F8B2 /* MicroVectorUITests.swift in Sources */,
			);
			runOnlyForDeploymentPostprocessing = 0;
		};
/* End PBXSourcesBuildPhase section */

/* Begin PBXTargetDependency section */
		49C2150025D6CB830030F8B2 /* PBXTargetDependency */ = {
			isa = PBXTargetDependency;
			target = 49C214E925D6CB800030F8B2 /* MicroVector */;
			targetProxy = 49C214FF25D6CB830030F8B2 /* PBXContainerItemProxy */;
		};
		49C2150B25D6CB830030F8B2 /* PBXTargetDependency */ = {
			isa = PBXTargetDependency;
			target = 49C214E925D6CB800030F8B2 /* MicroVector */;
			targetProxy = 49C2150A25D6CB830030F8B2 /* PBXContainerItemProxy */;
		};
/* End PBXTargetDependency section */

/* Begin XCBuildConfiguration section */
		49C2151025D6CB830030F8B2 /* Debug */ = {
			isa = XCBuildConfiguration;
			buildSettings = {
				ALWAYS_SEARCH_USER_PATHS = NO;
				CLANG_ANALYZER_NONNULL = YES;
				CLANG_ANALYZER_NUMBER_OBJECT_CONVERSION = YES_AGGRESSIVE;
				CLANG_CXX_LANGUAGE_STANDARD = "gnu++14";
				CLANG_CXX_LIBRARY = "libc++";
				CLANG_ENABLE_MODULES = YES;
				CLANG_ENABLE_OBJC_ARC = YES;
				CLANG_ENABLE_OBJC_WEAK = YES;
				CLANG_WARN_BLOCK_CAPTURE_AUTORELEASING = YES;
				CLANG_WARN_BOOL_CONVERSION = YES;
				CLANG_WARN_COMMA = YES;
				CLANG_WARN_CONSTANT_CONVERSION = YES;
				CLANG_WARN_DEPRECATED_OBJC_IMPLEMENTATIONS = YES;
				CLANG_WARN_DIRECT_OBJC_ISA_USAGE = YES_ERROR;
				CLANG_WARN_DOCUMENTATION_COMMENTS = YES;
				CLANG_WARN_EMPTY_BODY = YES;
				CLANG_WARN_ENUM_CONVERSION = YES;
				CLANG_WARN_INFINITE_RECURSION = YES;
				CLANG_WARN_INT_CONVERSION = YES;
				CLANG_WARN_NON_LITERAL_NULL_CONVERSION = YES;
				CLANG_WARN_OBJC_IMPLICIT_RETAIN_SELF = YES;
				CLANG_WARN_OBJC_LITERAL_CONVERSION = YES;
				CLANG_WARN_OBJC_ROOT_CLASS = YES_ERROR;
				CLANG_WARN_QUOTED_INCLUDE_IN_FRAMEWORK_HEADER = YES;
				CLANG_WARN_RANGE_LOOP_ANALYSIS = YES;
				CLANG_WARN_STRICT_PROTOTYPES = YES;
				CLANG_WARN_SUSPICIOUS_MOVE = YES;
				CLANG_WARN_UNGUARDED_AVAILABILITY = YES_AGGRESSIVE;
				CLANG_WARN_UNREACHABLE_CODE = YES;
				CLANG_WARN__DUPLICATE_METHOD_MATCH = YES;
				COPY_PHASE_STRIP = NO;
				DEBUG_INFORMATION_FORMAT = dwarf;
				ENABLE_STRICT_OBJC_MSGSEND = YES;
				ENABLE_TESTABILITY = YES;
				GCC_C_LANGUAGE_STANDARD = gnu11;
				GCC_DYNAMIC_NO_PIC = NO;
				GCC_NO_COMMON_BLOCKS = YES;
				GCC_OPTIMIZATION_LEVEL = 0;
				GCC_PREPROCESSOR_DEFINITIONS = (
					"DEBUG=1",
					"$(inherited)",
				);
				GCC_WARN_64_TO_32_BIT_CONVERSION = YES;
				GCC_WARN_ABOUT_RETURN_TYPE = YES_ERROR;
				GCC_WARN_UNDECLARED_SELECTOR = YES;
				GCC_WARN_UNINITIALIZED_AUTOS = YES_AGGRESSIVE;
				GCC_WARN_UNUSED_FUNCTION = YES;
				GCC_WARN_UNUSED_VARIABLE = YES;
				MACOSX_DEPLOYMENT_TARGET = 10.15;
				MTL_ENABLE_DEBUG_INFO = INCLUDE_SOURCE;
				MTL_FAST_MATH = YES;
				ONLY_ACTIVE_ARCH = YES;
				SDKROOT = macosx;
				SWIFT_ACTIVE_COMPILATION_CONDITIONS = DEBUG;
				SWIFT_OPTIMIZATION_LEVEL = "-Onone";
			};
			name = Debug;
		};
		49C2151125D6CB830030F8B2 /* Release */ = {
			isa = XCBuildConfiguration;
			buildSettings = {
				ALWAYS_SEARCH_USER_PATHS = NO;
				CLANG_ANALYZER_NONNULL = YES;
				CLANG_ANALYZER_NUMBER_OBJECT_CONVERSION = YES_AGGRESSIVE;
				CLANG_CXX_LANGUAGE_STANDARD = "gnu++14";
				CLANG_CXX_LIBRARY = "libc++";
				CLANG_ENABLE_MODULES = YES;
				CLANG_ENABLE_OBJC_ARC = YES;
				CLANG_ENABLE_OBJC_WEAK = YES;
				CLANG_WARN_BLOCK_CAPTURE_AUTORELEASING = YES;
				CLANG_WARN_BOOL_CONVERSION = YES;
				CLANG_WARN_COMMA = YES;
				CLANG_WARN_CONSTANT_CONVERSION = YES;
				CLANG_WARN_DEPRECATED_OBJC_IMPLEMENTATIONS = YES;
				CLANG_WARN_DIRECT_OBJC_ISA_USAGE = YES_ERROR;
				CLANG_WARN_DOCUMENTATION_COMMENTS = YES;
				CLANG_WARN_EMPTY_BODY = YES;
				CLANG_WARN_ENUM_CONVERSION = YES;
				CLANG_WARN_INFINITE_RECURSION = YES;
				CLANG_WARN_INT_CONVERSION = YES;
				CLANG_WARN_NON_LITERAL_NULL_CONVERSION = YES;
				CLANG_WARN_OBJC_IMPLICIT_RETAIN_SELF = YES;
				CLANG_WARN_OBJC_LITERAL_CONVERSION = YES;
				CLANG_WARN_OBJC_ROOT_CLASS = YES_ERROR;
				CLANG_WARN_QUOTED_INCLUDE_IN_FRAMEWORK_HEADER = YES;
				CLANG_WARN_RANGE_LOOP_ANALYSIS = YES;
				CLANG_WARN_STRICT_PROTOTYPES = YES;
				CLANG_WARN_SUSPICIOUS_MOVE = YES;
				CLANG_WARN_UNGUARDED_AVAILABILITY = YES_AGGRESSIVE;
				CLANG_WARN_UNREACHABLE_CODE = YES;
				CLANG_WARN__DUPLICATE_METHOD_MATCH = YES;
				COPY_PHASE_STRIP = NO;
				DEBUG_INFORMATION_FORMAT = "dwarf-with-dsym";
				ENABLE_NS_ASSERTIONS = NO;
				ENABLE_STRICT_OBJC_MSGSEND = YES;
				GCC_C_LANGUAGE_STANDARD = gnu11;
				GCC_NO_COMMON_BLOCKS = YES;
				GCC_WARN_64_TO_32_BIT_CONVERSION = YES;
				GCC_WARN_ABOUT_RETURN_TYPE = YES_ERROR;
				GCC_WARN_UNDECLARED_SELECTOR = YES;
				GCC_WARN_UNINITIALIZED_AUTOS = YES_AGGRESSIVE;
				GCC_WARN_UNUSED_FUNCTION = YES;
				GCC_WARN_UNUSED_VARIABLE = YES;
				MACOSX_DEPLOYMENT_TARGET = 10.15;
				MTL_ENABLE_DEBUG_INFO = NO;
				MTL_FAST_MATH = YES;
				SDKROOT = macosx;
				SWIFT_COMPILATION_MODE = wholemodule;
				SWIFT_OPTIMIZATION_LEVEL = "-O";
			};
			name = Release;
		};
		49C2151325D6CB830030F8B2 /* Debug */ = {
			isa = XCBuildConfiguration;
			buildSettings = {
				ASSETCATALOG_COMPILER_APPICON_NAME = AppIcon;
				ASSETCATALOG_COMPILER_GLOBAL_ACCENT_COLOR_NAME = AccentColor;
				CODE_SIGN_ENTITLEMENTS = MicroVector/MicroVector.entitlements;
				CODE_SIGN_IDENTITY = "-";
				CODE_SIGN_STYLE = Manual;
				COMBINE_HIDPI_IMAGES = YES;
				DEVELOPMENT_ASSET_PATHS = "\"MicroVector/Preview Content\"";
				DEVELOPMENT_TEAM = "";
				ENABLE_HARDENED_RUNTIME = YES;
				ENABLE_PREVIEWS = YES;
				INFOPLIST_FILE = MicroVector/Info.plist;
				LD_RUNPATH_SEARCH_PATHS = (
					"$(inherited)",
					"@executable_path/../Frameworks",
				);
				MACOSX_DEPLOYMENT_TARGET = 11.1;
				PRODUCT_BUNDLE_IDENTIFIER = net.hubomatic.MicroVector;
				PRODUCT_NAME = "$(TARGET_NAME)";
				PROVISIONING_PROFILE_SPECIFIER = "";
				SWIFT_VERSION = 5.0;
			};
			name = Debug;
		};
		49C2151425D6CB830030F8B2 /* Release */ = {
			isa = XCBuildConfiguration;
			buildSettings = {
				ASSETCATALOG_COMPILER_APPICON_NAME = AppIcon;
				ASSETCATALOG_COMPILER_GLOBAL_ACCENT_COLOR_NAME = AccentColor;
				CODE_SIGN_ENTITLEMENTS = MicroVector/MicroVector.entitlements;
				CODE_SIGN_IDENTITY = "-";
				CODE_SIGN_STYLE = Manual;
				COMBINE_HIDPI_IMAGES = YES;
				DEVELOPMENT_ASSET_PATHS = "\"MicroVector/Preview Content\"";
				DEVELOPMENT_TEAM = "";
				ENABLE_HARDENED_RUNTIME = YES;
				ENABLE_PREVIEWS = YES;
				INFOPLIST_FILE = MicroVector/Info.plist;
				LD_RUNPATH_SEARCH_PATHS = (
					"$(inherited)",
					"@executable_path/../Frameworks",
				);
				MACOSX_DEPLOYMENT_TARGET = 11.1;
				PRODUCT_BUNDLE_IDENTIFIER = net.hubomatic.MicroVector;
				PRODUCT_NAME = "$(TARGET_NAME)";
				PROVISIONING_PROFILE_SPECIFIER = "";
				SWIFT_VERSION = 5.0;
			};
			name = Release;
		};
		49C2151625D6CB830030F8B2 /* Debug */ = {
			isa = XCBuildConfiguration;
			buildSettings = {
				ALWAYS_EMBED_SWIFT_STANDARD_LIBRARIES = YES;
				BUNDLE_LOADER = "$(TEST_HOST)";
				CODE_SIGN_STYLE = Automatic;
				COMBINE_HIDPI_IMAGES = YES;
				INFOPLIST_FILE = MicroVectorTests/Info.plist;
				LD_RUNPATH_SEARCH_PATHS = (
					"$(inherited)",
					"@executable_path/../Frameworks",
					"@loader_path/../Frameworks",
				);
				MACOSX_DEPLOYMENT_TARGET = 11.0;
				PRODUCT_BUNDLE_IDENTIFIER = net.hubomatic.MicroVectorTests;
				PRODUCT_NAME = "$(TARGET_NAME)";
				SWIFT_VERSION = 5.0;
				TEST_HOST = "$(BUILT_PRODUCTS_DIR)/MicroVector.app/Contents/MacOS/MicroVector";
			};
			name = Debug;
		};
		49C2151725D6CB830030F8B2 /* Release */ = {
			isa = XCBuildConfiguration;
			buildSettings = {
				ALWAYS_EMBED_SWIFT_STANDARD_LIBRARIES = YES;
				BUNDLE_LOADER = "$(TEST_HOST)";
				CODE_SIGN_STYLE = Automatic;
				COMBINE_HIDPI_IMAGES = YES;
				INFOPLIST_FILE = MicroVectorTests/Info.plist;
				LD_RUNPATH_SEARCH_PATHS = (
					"$(inherited)",
					"@executable_path/../Frameworks",
					"@loader_path/../Frameworks",
				);
				MACOSX_DEPLOYMENT_TARGET = 11.0;
				PRODUCT_BUNDLE_IDENTIFIER = net.hubomatic.MicroVectorTests;
				PRODUCT_NAME = "$(TARGET_NAME)";
				SWIFT_VERSION = 5.0;
				TEST_HOST = "$(BUILT_PRODUCTS_DIR)/MicroVector.app/Contents/MacOS/MicroVector";
			};
			name = Release;
		};
		49C2151925D6CB830030F8B2 /* Debug */ = {
			isa = XCBuildConfiguration;
			buildSettings = {
				ALWAYS_EMBED_SWIFT_STANDARD_LIBRARIES = YES;
				CODE_SIGN_STYLE = Automatic;
				COMBINE_HIDPI_IMAGES = YES;
				INFOPLIST_FILE = MicroVectorUITests/Info.plist;
				LD_RUNPATH_SEARCH_PATHS = (
					"$(inherited)",
					"@executable_path/../Frameworks",
					"@loader_path/../Frameworks",
				);
				PRODUCT_BUNDLE_IDENTIFIER = net.hubomatic.MicroVectorUITests;
				PRODUCT_NAME = "$(TARGET_NAME)";
				SWIFT_VERSION = 5.0;
				TEST_TARGET_NAME = MicroVector;
			};
			name = Debug;
		};
		49C2151A25D6CB830030F8B2 /* Release */ = {
			isa = XCBuildConfiguration;
			buildSettings = {
				ALWAYS_EMBED_SWIFT_STANDARD_LIBRARIES = YES;
				CODE_SIGN_STYLE = Automatic;
				COMBINE_HIDPI_IMAGES = YES;
				INFOPLIST_FILE = MicroVectorUITests/Info.plist;
				LD_RUNPATH_SEARCH_PATHS = (
					"$(inherited)",
					"@executable_path/../Frameworks",
					"@loader_path/../Frameworks",
				);
				PRODUCT_BUNDLE_IDENTIFIER = net.hubomatic.MicroVectorUITests;
				PRODUCT_NAME = "$(TARGET_NAME)";
				SWIFT_VERSION = 5.0;
				TEST_TARGET_NAME = MicroVector;
			};
			name = Release;
		};
/* End XCBuildConfiguration section */

/* Begin XCConfigurationList section */
		49C214E525D6CB800030F8B2 /* Build configuration list for PBXProject "MicroVector" */ = {
			isa = XCConfigurationList;
			buildConfigurations = (
				49C2151025D6CB830030F8B2 /* Debug */,
				49C2151125D6CB830030F8B2 /* Release */,
			);
			defaultConfigurationIsVisible = 0;
			defaultConfigurationName = Release;
		};
		49C2151225D6CB830030F8B2 /* Build configuration list for PBXNativeTarget "MicroVector" */ = {
			isa = XCConfigurationList;
			buildConfigurations = (
				49C2151325D6CB830030F8B2 /* Debug */,
				49C2151425D6CB830030F8B2 /* Release */,
			);
			defaultConfigurationIsVisible = 0;
			defaultConfigurationName = Release;
		};
		49C2151525D6CB830030F8B2 /* Build configuration list for PBXNativeTarget "MicroVectorTests" */ = {
			isa = XCConfigurationList;
			buildConfigurations = (
				49C2151625D6CB830030F8B2 /* Debug */,
				49C2151725D6CB830030F8B2 /* Release */,
			);
			defaultConfigurationIsVisible = 0;
			defaultConfigurationName = Release;
		};
		49C2151825D6CB830030F8B2 /* Build configuration list for PBXNativeTarget "MicroVectorUITests" */ = {
			isa = XCConfigurationList;
			buildConfigurations = (
				49C2151925D6CB830030F8B2 /* Debug */,
				49C2151A25D6CB830030F8B2 /* Release */,
			);
			defaultConfigurationIsVisible = 0;
			defaultConfigurationName = Release;
		};
/* End XCConfigurationList section */

/* Begin XCRemoteSwiftPackageReference section */
		498872E225DC1F0E00430ABD /* XCRemoteSwiftPackageReference "Sparkle" */ = {
			isa = XCRemoteSwiftPackageReference;
			repositoryURL = "https://github.com/sparkle-project/Sparkle";
			requirement = {
				kind = exactVersion;
				version = "1.25.0-rc2";
			};
		};
		49D2614525D6F4EE0053615A /* XCRemoteSwiftPackageReference "HubOMatic" */ = {
			isa = XCRemoteSwiftPackageReference;
			repositoryURL = "https://github.com/hubomatic/HubOMatic";
			requirement = {
				branch = main;
				kind = branch;
			};
		};
		49D2615625D6F97D0053615A /* XCRemoteSwiftPackageReference "MemoZ" */ = {
			isa = XCRemoteSwiftPackageReference;
			repositoryURL = "https://github.com/marcprux/MemoZ";
			requirement = {
				branch = master;
				kind = branch;
			};
		};
/* End XCRemoteSwiftPackageReference section */

/* Begin XCSwiftPackageProductDependency section */
		490B596C25D99AA100E6F90D /* MemoZ */ = {
			isa = XCSwiftPackageProductDependency;
			package = 49D2615625D6F97D0053615A /* XCRemoteSwiftPackageReference "MemoZ" */;
			productName = MemoZ;
		};
		490B597925D99B0A00E6F90D /* HubOMatic */ = {
			isa = XCSwiftPackageProductDependency;
			package = 49D2614525D6F4EE0053615A /* XCRemoteSwiftPackageReference "HubOMatic" */;
			productName = HubOMatic;
		};
		498872E325DC1F0E00430ABD /* Sparkle */ = {
			isa = XCSwiftPackageProductDependency;
			package = 498872E225DC1F0E00430ABD /* XCRemoteSwiftPackageReference "Sparkle" */;
			productName = Sparkle;
		};
/* End XCSwiftPackageProductDependency section */
	};
	rootObject = 49C214E225D6CB800030F8B2 /* Project object */;
}
