{
  "object": {
    "pins": [
      {
        "package": "HubOMatic",
        "repositoryURL": "https://github.com/hubomatic/HubOMatic",
        "state": {
          "branch": "main",
          "revision": "7d5fd9dfe6afdb7cb658e2eee16fa99d9e4b5864",
          "version": null
        }
      },
      {
        "package": "MemoZ",
        "repositoryURL": "https://github.com/marcprux/MemoZ",
        "state": {
          "branch": "master",
          "revision": "3aef5d09738b2acb2b9ca1d059f9f3bba59fcbce",
          "version": null
        }
      },
      {
        "package": "MiscKit",
        "repositoryURL": "https://github.com/glimpseio/MiscKit",
        "state": {
          "branch": "main",
          "revision": "db9db351319b7b606f558c9286665a8c13d17002",
          "version": null
        }
      },
      {
        "package": "Sparkle",
        "repositoryURL": "https://github.com/sparkle-project/Sparkle",
        "state": {
          "branch": "1.25.0-rc2",
          "revision": "07b044dd8f304b3d05a6242a3f4c55ffb08d3f61",
          "version": null
        }
      }
    ]
  },
  "version": 1
}
